// !$*UTF8*$!
{
	archiveVersion = 1;
	classes = {
	};
	objectVersion = 55;
	objects = {

/* Begin PBXBuildFile section */
		CF2C880D28280F7400DA14DB /* AppDelegate.swift in Sources */ = {isa = PBXBuildFile; fileRef = CF2C880C28280F7400DA14DB /* AppDelegate.swift */; };
		CF2C880F28280F7400DA14DB /* SceneDelegate.swift in Sources */ = {isa = PBXBuildFile; fileRef = CF2C880E28280F7400DA14DB /* SceneDelegate.swift */; };
		CF2C881128280F7400DA14DB /* ViewController.swift in Sources */ = {isa = PBXBuildFile; fileRef = CF2C881028280F7400DA14DB /* ViewController.swift */; };
		CF2C881428280F7400DA14DB /* Main.storyboard in Resources */ = {isa = PBXBuildFile; fileRef = CF2C881228280F7400DA14DB /* Main.storyboard */; };
		CF2C881628280F7800DA14DB /* Assets.xcassets in Resources */ = {isa = PBXBuildFile; fileRef = CF2C881528280F7800DA14DB /* Assets.xcassets */; };
		CF2C881928280F7800DA14DB /* LaunchScreen.storyboard in Resources */ = {isa = PBXBuildFile; fileRef = CF2C881728280F7800DA14DB /* LaunchScreen.storyboard */; };
		CF2C882728280FBB00DA14DB /* icon02.png in Resources */ = {isa = PBXBuildFile; fileRef = CF2C882128280FBB00DA14DB /* icon02.png */; };
		CF2C882828280FBB00DA14DB /* icon03.png in Resources */ = {isa = PBXBuildFile; fileRef = CF2C882228280FBB00DA14DB /* icon03.png */; };
		CF2C882928280FBB00DA14DB /* icon01.png in Resources */ = {isa = PBXBuildFile; fileRef = CF2C882328280FBB00DA14DB /* icon01.png */; };
		CF2C882A28280FBB00DA14DB /* icon04.png in Resources */ = {isa = PBXBuildFile; fileRef = CF2C882428280FBB00DA14DB /* icon04.png */; };
		CF2C882B28280FBB00DA14DB /* icon05.png in Resources */ = {isa = PBXBuildFile; fileRef = CF2C882528280FBB00DA14DB /* icon05.png */; };
		CF2C882C28280FBB00DA14DB /* sidemenu.png in Resources */ = {isa = PBXBuildFile; fileRef = CF2C882628280FBB00DA14DB /* sidemenu.png */; };
		CF2C882F2828102600DA14DB /* RevealViewController.swift in Sources */ = {isa = PBXBuildFile; fileRef = CF2C882E2828102600DA14DB /* RevealViewController.swift */; };
		CF2C88312828103700DA14DB /* FrontViewController.swift in Sources */ = {isa = PBXBuildFile; fileRef = CF2C88302828103700DA14DB /* FrontViewController.swift */; };
		CF2C88332828104E00DA14DB /* SideBarViewController.swift in Sources */ = {isa = PBXBuildFile; fileRef = CF2C88322828104E00DA14DB /* SideBarViewController.swift */; };
/* End PBXBuildFile section */

/* Begin PBXFileReference section */
		CF2C880928280F7400DA14DB /* ChapterO4-SideBarDIY.app */ = {isa = PBXFileReference; explicitFileType = wrapper.application; includeInIndex = 0; path = "ChapterO4-SideBarDIY.app"; sourceTree = BUILT_PRODUCTS_DIR; };
		CF2C880C28280F7400DA14DB /* AppDelegate.swift */ = {isa = PBXFileReference; lastKnownFileType = sourcecode.swift; path = AppDelegate.swift; sourceTree = "<group>"; };
		CF2C880E28280F7400DA14DB /* SceneDelegate.swift */ = {isa = PBXFileReference; lastKnownFileType = sourcecode.swift; path = SceneDelegate.swift; sourceTree = "<group>"; };
		CF2C881028280F7400DA14DB /* ViewController.swift */ = {isa = PBXFileReference; lastKnownFileType = sourcecode.swift; path = ViewController.swift; sourceTree = "<group>"; };
		CF2C881328280F7400DA14DB /* Base */ = {isa = PBXFileReference; lastKnownFileType = file.storyboard; name = Base; path = Base.lproj/Main.storyboard; sourceTree = "<group>"; };
		CF2C881528280F7800DA14DB /* Assets.xcassets */ = {isa = PBXFileReference; lastKnownFileType = folder.assetcatalog; path = Assets.xcassets; sourceTree = "<group>"; };
		CF2C881828280F7800DA14DB /* Base */ = {isa = PBXFileReference; lastKnownFileType = file.storyboard; name = Base; path = Base.lproj/LaunchScreen.storyboard; sourceTree = "<group>"; };
		CF2C881A28280F7800DA14DB /* Info.plist */ = {isa = PBXFileReference; lastKnownFileType = text.plist.xml; path = Info.plist; sourceTree = "<group>"; };
		CF2C882128280FBB00DA14DB /* icon02.png */ = {isa = PBXFileReference; lastKnownFileType = image.png; path = icon02.png; sourceTree = "<group>"; };
		CF2C882228280FBB00DA14DB /* icon03.png */ = {isa = PBXFileReference; lastKnownFileType = image.png; path = icon03.png; sourceTree = "<group>"; };
		CF2C882328280FBB00DA14DB /* icon01.png */ = {isa = PBXFileReference; lastKnownFileType = image.png; path = icon01.png; sourceTree = "<group>"; };
		CF2C882428280FBB00DA14DB /* icon04.png */ = {isa = PBXFileReference; lastKnownFileType = image.png; path = icon04.png; sourceTree = "<group>"; };
		CF2C882528280FBB00DA14DB /* icon05.png */ = {isa = PBXFileReference; lastKnownFileType = image.png; path = icon05.png; sourceTree = "<group>"; };
		CF2C882628280FBB00DA14DB /* sidemenu.png */ = {isa = PBXFileReference; lastKnownFileType = image.png; path = sidemenu.png; sourceTree = "<group>"; };
		CF2C882E2828102600DA14DB /* RevealViewController.swift */ = {isa = PBXFileReference; lastKnownFileType = sourcecode.swift; path = RevealViewController.swift; sourceTree = "<group>"; };
		CF2C88302828103700DA14DB /* FrontViewController.swift */ = {isa = PBXFileReference; lastKnownFileType = sourcecode.swift; path = FrontViewController.swift; sourceTree = "<group>"; };
		CF2C88322828104E00DA14DB /* SideBarViewController.swift */ = {isa = PBXFileReference; lastKnownFileType = sourcecode.swift; path = SideBarViewController.swift; sourceTree = "<group>"; };
/* End PBXFileReference section */

/* Begin PBXFrameworksBuildPhase section */
		CF2C880628280F7400DA14DB /* Frameworks */ = {
			isa = PBXFrameworksBuildPhase;
			buildActionMask = 2147483647;
			files = (
			);
			runOnlyForDeploymentPostprocessing = 0;
		};
/* End PBXFrameworksBuildPhase section */

/* Begin PBXGroup section */
		CF2C880028280F7400DA14DB = {
			isa = PBXGroup;
			children = (
				CF2C882D28280FF100DA14DB /* Resources */,
				CF2C880B28280F7400DA14DB /* ChapterO4-SideBarDIY */,
				CF2C880A28280F7400DA14DB /* Products */,
			);
			sourceTree = "<group>";
		};
		CF2C880A28280F7400DA14DB /* Products */ = {
			isa = PBXGroup;
			children = (
				CF2C880928280F7400DA14DB /* ChapterO4-SideBarDIY.app */,
			);
			name = Products;
			sourceTree = "<group>";
		};
		CF2C880B28280F7400DA14DB /* ChapterO4-SideBarDIY */ = {
			isa = PBXGroup;
			children = (
				CF2C882E2828102600DA14DB /* RevealViewController.swift */,
				CF2C88302828103700DA14DB /* FrontViewController.swift */,
				CF2C880C28280F7400DA14DB /* AppDelegate.swift */,
				CF2C880E28280F7400DA14DB /* SceneDelegate.swift */,
				CF2C881028280F7400DA14DB /* ViewController.swift */,
				CF2C881228280F7400DA14DB /* Main.storyboard */,
				CF2C881528280F7800DA14DB /* Assets.xcassets */,
				CF2C881728280F7800DA14DB /* LaunchScreen.storyboard */,
				CF2C881A28280F7800DA14DB /* Info.plist */,
				CF2C88322828104E00DA14DB /* SideBarViewController.swift */,
			);
			path = "ChapterO4-SideBarDIY";
			sourceTree = "<group>";
		};
		CF2C882D28280FF100DA14DB /* Resources */ = {
			isa = PBXGroup;
			children = (
				CF2C882128280FBB00DA14DB /* icon02.png */,
				CF2C882228280FBB00DA14DB /* icon03.png */,
				CF2C882328280FBB00DA14DB /* icon01.png */,
				CF2C882428280FBB00DA14DB /* icon04.png */,
				CF2C882528280FBB00DA14DB /* icon05.png */,
				CF2C882628280FBB00DA14DB /* sidemenu.png */,
			);
			path = Resources;
			sourceTree = "<group>";
		};
/* End PBXGroup section */

/* Begin PBXNativeTarget section */
		CF2C880828280F7400DA14DB /* ChapterO4-SideBarDIY */ = {
			isa = PBXNativeTarget;
			buildConfigurationList = CF2C881D28280F7800DA14DB /* Build configuration list for PBXNativeTarget "ChapterO4-SideBarDIY" */;
			buildPhases = (
				CF2C880528280F7400DA14DB /* Sources */,
				CF2C880628280F7400DA14DB /* Frameworks */,
				CF2C880728280F7400DA14DB /* Resources */,
			);
			buildRules = (
			);
			dependencies = (
			);
			name = "ChapterO4-SideBarDIY";
			productName = "ChapterO4-SideBarDIY";
			productReference = CF2C880928280F7400DA14DB /* ChapterO4-SideBarDIY.app */;
			productType = "com.apple.product-type.application";
		};
/* End PBXNativeTarget section */

/* Begin PBXProject section */
		CF2C880128280F7400DA14DB /* Project object */ = {
			isa = PBXProject;
			attributes = {
				BuildIndependentTargetsInParallel = 1;
				LastSwiftUpdateCheck = 1320;
				LastUpgradeCheck = 1320;
				TargetAttributes = {
					CF2C880828280F7400DA14DB = {
						CreatedOnToolsVersion = 13.2.1;
					};
				};
			};
			buildConfigurationList = CF2C880428280F7400DA14DB /* Build configuration list for PBXProject "ChapterO4-SideBarDIY" */;
			compatibilityVersion = "Xcode 13.0";
			developmentRegion = en;
			hasScannedForEncodings = 0;
			knownRegions = (
				en,
				Base,
			);
			mainGroup = CF2C880028280F7400DA14DB;
			productRefGroup = CF2C880A28280F7400DA14DB /* Products */;
			projectDirPath = "";
			projectRoot = "";
			targets = (
				CF2C880828280F7400DA14DB /* ChapterO4-SideBarDIY */,
			);
		};
/* End PBXProject section */

/* Begin PBXResourcesBuildPhase section */
		CF2C880728280F7400DA14DB /* Resources */ = {
			isa = PBXResourcesBuildPhase;
			buildActionMask = 2147483647;
			files = (
				CF2C882728280FBB00DA14DB /* icon02.png in Resources */,
				CF2C882A28280FBB00DA14DB /* icon04.png in Resources */,
				CF2C881928280F7800DA14DB /* LaunchScreen.storyboard in Resources */,
				CF2C882C28280FBB00DA14DB /* sidemenu.png in Resources */,
				CF2C882B28280FBB00DA14DB /* icon05.png in Resources */,
				CF2C881628280F7800DA14DB /* Assets.xcassets in Resources */,
				CF2C881428280F7400DA14DB /* Main.storyboard in Resources */,
				CF2C882828280FBB00DA14DB /* icon03.png in Resources */,
				CF2C882928280FBB00DA14DB /* icon01.png in Resources */,
			);
			runOnlyForDeploymentPostprocessing = 0;
		};
/* End PBXResourcesBuildPhase section */

/* Begin PBXSourcesBuildPhase section */
		CF2C880528280F7400DA14DB /* Sources */ = {
			isa = PBXSourcesBuildPhase;
			buildActionMask = 2147483647;
			files = (
				CF2C881128280F7400DA14DB /* ViewController.swift in Sources */,
				CF2C88332828104E00DA14DB /* SideBarViewController.swift in Sources */,
				CF2C880D28280F7400DA14DB /* AppDelegate.swift in Sources */,
				CF2C88312828103700DA14DB /* FrontViewController.swift in Sources */,
				CF2C880F28280F7400DA14DB /* SceneDelegate.swift in Sources */,
				CF2C882F2828102600DA14DB /* RevealViewController.swift in Sources */,
			);
			runOnlyForDeploymentPostprocessing = 0;
		};
/* End PBXSourcesBuildPhase section */

/* Begin PBXVariantGroup section */
		CF2C881228280F7400DA14DB /* Main.storyboard */ = {
			isa = PBXVariantGroup;
			children = (
				CF2C881328280F7400DA14DB /* Base */,
			);
			name = Main.storyboard;
			sourceTree = "<group>";
		};
		CF2C881728280F7800DA14DB /* LaunchScreen.storyboard */ = {
			isa = PBXVariantGroup;
			children = (
				CF2C881828280F7800DA14DB /* Base */,
			);
			name = LaunchScreen.storyboard;
			sourceTree = "<group>";
		};
/* End PBXVariantGroup section */

/* Begin XCBuildConfiguration section */
		CF2C881B28280F7800DA14DB /* Debug */ = {
			isa = XCBuildConfiguration;
			buildSettings = {
				ALWAYS_SEARCH_USER_PATHS = NO;
				CLANG_ANALYZER_NONNULL = YES;
				CLANG_ANALYZER_NUMBER_OBJECT_CONVERSION = YES_AGGRESSIVE;
				CLANG_CXX_LANGUAGE_STANDARD = "gnu++17";
				CLANG_CXX_LIBRARY = "libc++";
				CLANG_ENABLE_MODULES = YES;
				CLANG_ENABLE_OBJC_ARC = YES;
				CLANG_ENABLE_OBJC_WEAK = YES;
				CLANG_WARN_BLOCK_CAPTURE_AUTORELEASING = YES;
				CLANG_WARN_BOOL_CONVERSION = YES;
				CLANG_WARN_COMMA = YES;
				CLANG_WARN_CONSTANT_CONVERSION = YES;
				CLANG_WARN_DEPRECATED_OBJC_IMPLEMENTATIONS = YES;
				CLANG_WARN_DIRECT_OBJC_ISA_USAGE = YES_ERROR;
				CLANG_WARN_DOCUMENTATION_COMMENTS = YES;
				CLANG_WARN_EMPTY_BODY = YES;
				CLANG_WARN_ENUM_CONVERSION = YES;
				CLANG_WARN_INFINITE_RECURSION = YES;
				CLANG_WARN_INT_CONVERSION = YES;
				CLANG_WARN_NON_LITERAL_NULL_CONVERSION = YES;
				CLANG_WARN_OBJC_IMPLICIT_RETAIN_SELF = YES;
				CLANG_WARN_OBJC_LITERAL_CONVERSION = YES;
				CLANG_WARN_OBJC_ROOT_CLASS = YES_ERROR;
				CLANG_WARN_QUOTED_INCLUDE_IN_FRAMEWORK_HEADER = YES;
				CLANG_WARN_RANGE_LOOP_ANALYSIS = YES;
				CLANG_WARN_STRICT_PROTOTYPES = YES;
				CLANG_WARN_SUSPICIOUS_MOVE = YES;
				CLANG_WARN_UNGUARDED_AVAILABILITY = YES_AGGRESSIVE;
				CLANG_WARN_UNREACHABLE_CODE = YES;
				CLANG_WARN__DUPLICATE_METHOD_MATCH = YES;
				COPY_PHASE_STRIP = NO;
				DEBUG_INFORMATION_FORMAT = dwarf;
				ENABLE_STRICT_OBJC_MSGSEND = YES;
				ENABLE_TESTABILITY = YES;
				GCC_C_LANGUAGE_STANDARD = gnu11;
				GCC_DYNAMIC_NO_PIC = NO;
				GCC_NO_COMMON_BLOCKS = YES;
				GCC_OPTIMIZATION_LEVEL = 0;
				GCC_PREPROCESSOR_DEFINITIONS = (
					"DEBUG=1",
					"$(inherited)",
				);
				GCC_WARN_64_TO_32_BIT_CONVERSION = YES;
				GCC_WARN_ABOUT_RETURN_TYPE = YES_ERROR;
				GCC_WARN_UNDECLARED_SELECTOR = YES;
				GCC_WARN_UNINITIALIZED_AUTOS = YES_AGGRESSIVE;
				GCC_WARN_UNUSED_FUNCTION = YES;
				GCC_WARN_UNUSED_VARIABLE = YES;
				IPHONEOS_DEPLOYMENT_TARGET = 15.2;
				MTL_ENABLE_DEBUG_INFO = INCLUDE_SOURCE;
				MTL_FAST_MATH = YES;
				ONLY_ACTIVE_ARCH = YES;
				SDKROOT = iphoneos;
				SWIFT_ACTIVE_COMPILATION_CONDITIONS = DEBUG;
				SWIFT_OPTIMIZATION_LEVEL = "-Onone";
			};
			name = Debug;
		};
		CF2C881C28280F7800DA14DB /* Release */ = {
			isa = XCBuildConfiguration;
			buildSettings = {
				ALWAYS_SEARCH_USER_PATHS = NO;
				CLANG_ANALYZER_NONNULL = YES;
				CLANG_ANALYZER_NUMBER_OBJECT_CONVERSION = YES_AGGRESSIVE;
				CLANG_CXX_LANGUAGE_STANDARD = "gnu++17";
				CLANG_CXX_LIBRARY = "libc++";
				CLANG_ENABLE_MODULES = YES;
				CLANG_ENABLE_OBJC_ARC = YES;
				CLANG_ENABLE_OBJC_WEAK = YES;
				CLANG_WARN_BLOCK_CAPTURE_AUTORELEASING = YES;
				CLANG_WARN_BOOL_CONVERSION = YES;
				CLANG_WARN_COMMA = YES;
				CLANG_WARN_CONSTANT_CONVERSION = YES;
				CLANG_WARN_DEPRECATED_OBJC_IMPLEMENTATIONS = YES;
				CLANG_WARN_DIRECT_OBJC_ISA_USAGE = YES_ERROR;
				CLANG_WARN_DOCUMENTATION_COMMENTS = YES;
				CLANG_WARN_EMPTY_BODY = YES;
				CLANG_WARN_ENUM_CONVERSION = YES;
				CLANG_WARN_INFINITE_RECURSION = YES;
				CLANG_WARN_INT_CONVERSION = YES;
				CLANG_WARN_NON_LITERAL_NULL_CONVERSION = YES;
				CLANG_WARN_OBJC_IMPLICIT_RETAIN_SELF = YES;
				CLANG_WARN_OBJC_LITERAL_CONVERSION = YES;
				CLANG_WARN_OBJC_ROOT_CLASS = YES_ERROR;
				CLANG_WARN_QUOTED_INCLUDE_IN_FRAMEWORK_HEADER = YES;
				CLANG_WARN_RANGE_LOOP_ANALYSIS = YES;
				CLANG_WARN_STRICT_PROTOTYPES = YES;
				CLANG_WARN_SUSPICIOUS_MOVE = YES;
				CLANG_WARN_UNGUARDED_AVAILABILITY = YES_AGGRESSIVE;
				CLANG_WARN_UNREACHABLE_CODE = YES;
				CLANG_WARN__DUPLICATE_METHOD_MATCH = YES;
				COPY_PHASE_STRIP = NO;
				DEBUG_INFORMATION_FORMAT = "dwarf-with-dsym";
				ENABLE_NS_ASSERTIONS = NO;
				ENABLE_STRICT_OBJC_MSGSEND = YES;
				GCC_C_LANGUAGE_STANDARD = gnu11;
				GCC_NO_COMMON_BLOCKS = YES;
				GCC_WARN_64_TO_32_BIT_CONVERSION = YES;
				GCC_WARN_ABOUT_RETURN_TYPE = YES_ERROR;
				GCC_WARN_UNDECLARED_SELECTOR = YES;
				GCC_WARN_UNINITIALIZED_AUTOS = YES_AGGRESSIVE;
				GCC_WARN_UNUSED_FUNCTION = YES;
				GCC_WARN_UNUSED_VARIABLE = YES;
				IPHONEOS_DEPLOYMENT_TARGET = 15.2;
				MTL_ENABLE_DEBUG_INFO = NO;
				MTL_FAST_MATH = YES;
				SDKROOT = iphoneos;
				SWIFT_COMPILATION_MODE = wholemodule;
				SWIFT_OPTIMIZATION_LEVEL = "-O";
				VALIDATE_PRODUCT = YES;
			};
			name = Release;
		};
		CF2C881E28280F7800DA14DB /* Debug */ = {
			isa = XCBuildConfiguration;
			buildSettings = {
				ASSETCATALOG_COMPILER_APPICON_NAME = AppIcon;
				ASSETCATALOG_COMPILER_GLOBAL_ACCENT_COLOR_NAME = AccentColor;
				CODE_SIGN_STYLE = Automatic;
				CURRENT_PROJECT_VERSION = 1;
				GENERATE_INFOPLIST_FILE = YES;
				INFOPLIST_FILE = "ChapterO4-SideBarDIY/Info.plist";
				INFOPLIST_KEY_UIApplicationSupportsIndirectInputEvents = YES;
				INFOPLIST_KEY_UILaunchStoryboardName = LaunchScreen;
				INFOPLIST_KEY_UIMainStoryboardFile = Main;
				INFOPLIST_KEY_UISupportedInterfaceOrientations_iPad = "UIInterfaceOrientationPortrait UIInterfaceOrientationPortraitUpsideDown UIInterfaceOrientationLandscapeLeft UIInterfaceOrientationLandscapeRight";
				INFOPLIST_KEY_UISupportedInterfaceOrientations_iPhone = "UIInterfaceOrientationPortrait UIInterfaceOrientationLandscapeLeft UIInterfaceOrientationLandscapeRight";
				LD_RUNPATH_SEARCH_PATHS = (
					"$(inherited)",
					"@executable_path/Frameworks",
				);
				MARKETING_VERSION = 1.0;
				PRODUCT_BUNDLE_IDENTIFIER = "com.beap.ChapterO4-SideBarDIY";
				PRODUCT_NAME = "$(TARGET_NAME)";
				SWIFT_EMIT_LOC_STRINGS = YES;
				SWIFT_VERSION = 5.0;
				TARGETED_DEVICE_FAMILY = "1,2";
			};
			name = Debug;
		};
		CF2C881F28280F7800DA14DB /* Release */ = {
			isa = XCBuildConfiguration;
			buildSettings = {
				ASSETCATALOG_COMPILER_APPICON_NAME = AppIcon;
				ASSETCATALOG_COMPILER_GLOBAL_ACCENT_COLOR_NAME = AccentColor;
				CODE_SIGN_STYLE = Automatic;
				CURRENT_PROJECT_VERSION = 1;
				GENERATE_INFOPLIST_FILE = YES;
				INFOPLIST_FILE = "ChapterO4-SideBarDIY/Info.plist";
				INFOPLIST_KEY_UIApplicationSupportsIndirectInputEvents = YES;
				INFOPLIST_KEY_UILaunchStoryboardName = LaunchScreen;
				INFOPLIST_KEY_UIMainStoryboardFile = Main;
				INFOPLIST_KEY_UISupportedInterfaceOrientations_iPad = "UIInterfaceOrientationPortrait UIInterfaceOrientationPortraitUpsideDown UIInterfaceOrientationLandscapeLeft UIInterfaceOrientationLandscapeRight";
				INFOPLIST_KEY_UISupportedInterfaceOrientations_iPhone = "UIInterfaceOrientationPortrait UIInterfaceOrientationLandscapeLeft UIInterfaceOrientationLandscapeRight";
				LD_RUNPATH_SEARCH_PATHS = (
					"$(inherited)",
					"@executable_path/Frameworks",
				);
				MARKETING_VERSION = 1.0;
				PRODUCT_BUNDLE_IDENTIFIER = "com.beap.ChapterO4-SideBarDIY";
				PRODUCT_NAME = "$(TARGET_NAME)";
				SWIFT_EMIT_LOC_STRINGS = YES;
				SWIFT_VERSION = 5.0;
				TARGETED_DEVICE_FAMILY = "1,2";
			};
			name = Release;
		};
/* End XCBuildConfiguration section */

/* Begin XCConfigurationList section */
		CF2C880428280F7400DA14DB /* Build configuration list for PBXProject "ChapterO4-SideBarDIY" */ = {
			isa = XCConfigurationList;
			buildConfigurations = (
				CF2C881B28280F7800DA14DB /* Debug */,
				CF2C881C28280F7800DA14DB /* Release */,
			);
			defaultConfigurationIsVisible = 0;
			defaultConfigurationName = Release;
		};
		CF2C881D28280F7800DA14DB /* Build configuration list for PBXNativeTarget "ChapterO4-SideBarDIY" */ = {
			isa = XCConfigurationList;
			buildConfigurations = (
				CF2C881E28280F7800DA14DB /* Debug */,
				CF2C881F28280F7800DA14DB /* Release */,
			);
			defaultConfigurationIsVisible = 0;
			defaultConfigurationName = Release;
		};
/* End XCConfigurationList section */
	};
	rootObject = CF2C880128280F7400DA14DB /* Project object */;
}
