// !$*UTF8*$!
{
	archiveVersion = 1;
	classes = {
	};
	objectVersion = 55;
	objects = {

/* Begin PBXBuildFile section */
		CF44A6AD2831E5AD00CCD4D2 /* Userlnfo.plist in Resources */ = {isa = PBXBuildFile; fileRef = CF44A6AC2831E5AD00CCD4D2 /* Userlnfo.plist */; };
		CF63B2FC282F84F7004ABCDE /* AppDelegate.swift in Sources */ = {isa = PBXBuildFile; fileRef = CF63B2FB282F84F7004ABCDE /* AppDelegate.swift */; };
		CF63B2FE282F84F7004ABCDE /* SceneDelegate.swift in Sources */ = {isa = PBXBuildFile; fileRef = CF63B2FD282F84F7004ABCDE /* SceneDelegate.swift */; };
		CF63B300282F84F7004ABCDE /* ViewController.swift in Sources */ = {isa = PBXBuildFile; fileRef = CF63B2FF282F84F7004ABCDE /* ViewController.swift */; };
		CF63B303282F84F7004ABCDE /* Main.storyboard in Resources */ = {isa = PBXBuildFile; fileRef = CF63B301282F84F7004ABCDE /* Main.storyboard */; };
		CF63B305282F84F9004ABCDE /* Assets.xcassets in Resources */ = {isa = PBXBuildFile; fileRef = CF63B304282F84F9004ABCDE /* Assets.xcassets */; };
		CF63B308282F84F9004ABCDE /* LaunchScreen.storyboard in Resources */ = {isa = PBXBuildFile; fileRef = CF63B306282F84F9004ABCDE /* LaunchScreen.storyboard */; };
		CF63B310282F8B91004ABCDE /* ListViewController.swift in Sources */ = {isa = PBXBuildFile; fileRef = CF63B30F282F8B91004ABCDE /* ListViewController.swift */; };
/* End PBXBuildFile section */

/* Begin PBXFileReference section */
		CF44A6AC2831E5AD00CCD4D2 /* Userlnfo.plist */ = {isa = PBXFileReference; lastKnownFileType = text.plist.xml; path = Userlnfo.plist; sourceTree = "<group>"; };
		CF63B2F8282F84F7004ABCDE /* ChapterO5-UserDefaults.app */ = {isa = PBXFileReference; explicitFileType = wrapper.application; includeInIndex = 0; path = "ChapterO5-UserDefaults.app"; sourceTree = BUILT_PRODUCTS_DIR; };
		CF63B2FB282F84F7004ABCDE /* AppDelegate.swift */ = {isa = PBXFileReference; lastKnownFileType = sourcecode.swift; path = AppDelegate.swift; sourceTree = "<group>"; };
		CF63B2FD282F84F7004ABCDE /* SceneDelegate.swift */ = {isa = PBXFileReference; lastKnownFileType = sourcecode.swift; path = SceneDelegate.swift; sourceTree = "<group>"; };
		CF63B2FF282F84F7004ABCDE /* ViewController.swift */ = {isa = PBXFileReference; lastKnownFileType = sourcecode.swift; path = ViewController.swift; sourceTree = "<group>"; };
		CF63B302282F84F7004ABCDE /* Base */ = {isa = PBXFileReference; lastKnownFileType = file.storyboard; name = Base; path = Base.lproj/Main.storyboard; sourceTree = "<group>"; };
		CF63B304282F84F9004ABCDE /* Assets.xcassets */ = {isa = PBXFileReference; lastKnownFileType = folder.assetcatalog; path = Assets.xcassets; sourceTree = "<group>"; };
		CF63B307282F84F9004ABCDE /* Base */ = {isa = PBXFileReference; lastKnownFileType = file.storyboard; name = Base; path = Base.lproj/LaunchScreen.storyboard; sourceTree = "<group>"; };
		CF63B309282F84F9004ABCDE /* Info.plist */ = {isa = PBXFileReference; lastKnownFileType = text.plist.xml; path = Info.plist; sourceTree = "<group>"; };
		CF63B30F282F8B91004ABCDE /* ListViewController.swift */ = {isa = PBXFileReference; lastKnownFileType = sourcecode.swift; path = ListViewController.swift; sourceTree = "<group>"; };
/* End PBXFileReference section */

/* Begin PBXFrameworksBuildPhase section */
		CF63B2F5282F84F7004ABCDE /* Frameworks */ = {
			isa = PBXFrameworksBuildPhase;
			buildActionMask = 2147483647;
			files = (
			);
			runOnlyForDeploymentPostprocessing = 0;
		};
/* End PBXFrameworksBuildPhase section */

/* Begin PBXGroup section */
		CF63B2EF282F84F7004ABCDE = {
			isa = PBXGroup;
			children = (
				CF63B2FA282F84F7004ABCDE /* ChapterO5-UserDefaults */,
				CF63B2F9282F84F7004ABCDE /* Products */,
			);
			sourceTree = "<group>";
		};
		CF63B2F9282F84F7004ABCDE /* Products */ = {
			isa = PBXGroup;
			children = (
				CF63B2F8282F84F7004ABCDE /* ChapterO5-UserDefaults.app */,
			);
			name = Products;
			sourceTree = "<group>";
		};
		CF63B2FA282F84F7004ABCDE /* ChapterO5-UserDefaults */ = {
			isa = PBXGroup;
			children = (
				CF63B2FB282F84F7004ABCDE /* AppDelegate.swift */,
				CF63B2FD282F84F7004ABCDE /* SceneDelegate.swift */,
				CF63B2FF282F84F7004ABCDE /* ViewController.swift */,
				CF63B301282F84F7004ABCDE /* Main.storyboard */,
				CF63B304282F84F9004ABCDE /* Assets.xcassets */,
				CF63B306282F84F9004ABCDE /* LaunchScreen.storyboard */,
				CF63B309282F84F9004ABCDE /* Info.plist */,
				CF63B30F282F8B91004ABCDE /* ListViewController.swift */,
				CF44A6AC2831E5AD00CCD4D2 /* Userlnfo.plist */,
			);
			path = "ChapterO5-UserDefaults";
			sourceTree = "<group>";
		};
/* End PBXGroup section */

/* Begin PBXNativeTarget section */
		CF63B2F7282F84F7004ABCDE /* ChapterO5-UserDefaults */ = {
			isa = PBXNativeTarget;
			buildConfigurationList = CF63B30C282F84F9004ABCDE /* Build configuration list for PBXNativeTarget "ChapterO5-UserDefaults" */;
			buildPhases = (
				CF63B2F4282F84F7004ABCDE /* Sources */,
				CF63B2F5282F84F7004ABCDE /* Frameworks */,
				CF63B2F6282F84F7004ABCDE /* Resources */,
			);
			buildRules = (
			);
			dependencies = (
			);
			name = "ChapterO5-UserDefaults";
			productName = "ChapterO5-UserDefaults";
			productReference = CF63B2F8282F84F7004ABCDE /* ChapterO5-UserDefaults.app */;
			productType = "com.apple.product-type.application";
		};
/* End PBXNativeTarget section */

/* Begin PBXProject section */
		CF63B2F0282F84F7004ABCDE /* Project object */ = {
			isa = PBXProject;
			attributes = {
				BuildIndependentTargetsInParallel = 1;
				LastSwiftUpdateCheck = 1320;
				LastUpgradeCheck = 1320;
				TargetAttributes = {
					CF63B2F7282F84F7004ABCDE = {
						CreatedOnToolsVersion = 13.2.1;
					};
				};
			};
			buildConfigurationList = CF63B2F3282F84F7004ABCDE /* Build configuration list for PBXProject "ChapterO5-UserDefaults" */;
			compatibilityVersion = "Xcode 13.0";
			developmentRegion = en;
			hasScannedForEncodings = 0;
			knownRegions = (
				en,
				Base,
			);
			mainGroup = CF63B2EF282F84F7004ABCDE;
			productRefGroup = CF63B2F9282F84F7004ABCDE /* Products */;
			projectDirPath = "";
			projectRoot = "";
			targets = (
				CF63B2F7282F84F7004ABCDE /* ChapterO5-UserDefaults */,
			);
		};
/* End PBXProject section */

/* Begin PBXResourcesBuildPhase section */
		CF63B2F6282F84F7004ABCDE /* Resources */ = {
			isa = PBXResourcesBuildPhase;
			buildActionMask = 2147483647;
			files = (
				CF63B308282F84F9004ABCDE /* LaunchScreen.storyboard in Resources */,
				CF63B305282F84F9004ABCDE /* Assets.xcassets in Resources */,
				CF44A6AD2831E5AD00CCD4D2 /* Userlnfo.plist in Resources */,
				CF63B303282F84F7004ABCDE /* Main.storyboard in Resources */,
			);
			runOnlyForDeploymentPostprocessing = 0;
		};
/* End PBXResourcesBuildPhase section */

/* Begin PBXSourcesBuildPhase section */
		CF63B2F4282F84F7004ABCDE /* Sources */ = {
			isa = PBXSourcesBuildPhase;
			buildActionMask = 2147483647;
			files = (
				CF63B300282F84F7004ABCDE /* ViewController.swift in Sources */,
				CF63B2FC282F84F7004ABCDE /* AppDelegate.swift in Sources */,
				CF63B310282F8B91004ABCDE /* ListViewController.swift in Sources */,
				CF63B2FE282F84F7004ABCDE /* SceneDelegate.swift in Sources */,
			);
			runOnlyForDeploymentPostprocessing = 0;
		};
/* End PBXSourcesBuildPhase section */

/* Begin PBXVariantGroup section */
		CF63B301282F84F7004ABCDE /* Main.storyboard */ = {
			isa = PBXVariantGroup;
			children = (
				CF63B302282F84F7004ABCDE /* Base */,
			);
			name = Main.storyboard;
			sourceTree = "<group>";
		};
		CF63B306282F84F9004ABCDE /* LaunchScreen.storyboard */ = {
			isa = PBXVariantGroup;
			children = (
				CF63B307282F84F9004ABCDE /* Base */,
			);
			name = LaunchScreen.storyboard;
			sourceTree = "<group>";
		};
/* End PBXVariantGroup section */

/* Begin XCBuildConfiguration section */
		CF63B30A282F84F9004ABCDE /* Debug */ = {
			isa = XCBuildConfiguration;
			buildSettings = {
				ALWAYS_SEARCH_USER_PATHS = NO;
				CLANG_ANALYZER_NONNULL = YES;
				CLANG_ANALYZER_NUMBER_OBJECT_CONVERSION = YES_AGGRESSIVE;
				CLANG_CXX_LANGUAGE_STANDARD = "gnu++17";
				CLANG_CXX_LIBRARY = "libc++";
				CLANG_ENABLE_MODULES = YES;
				CLANG_ENABLE_OBJC_ARC = YES;
				CLANG_ENABLE_OBJC_WEAK = YES;
				CLANG_WARN_BLOCK_CAPTURE_AUTORELEASING = YES;
				CLANG_WARN_BOOL_CONVERSION = YES;
				CLANG_WARN_COMMA = YES;
				CLANG_WARN_CONSTANT_CONVERSION = YES;
				CLANG_WARN_DEPRECATED_OBJC_IMPLEMENTATIONS = YES;
				CLANG_WARN_DIRECT_OBJC_ISA_USAGE = YES_ERROR;
				CLANG_WARN_DOCUMENTATION_COMMENTS = YES;
				CLANG_WARN_EMPTY_BODY = YES;
				CLANG_WARN_ENUM_CONVERSION = YES;
				CLANG_WARN_INFINITE_RECURSION = YES;
				CLANG_WARN_INT_CONVERSION = YES;
				CLANG_WARN_NON_LITERAL_NULL_CONVERSION = YES;
				CLANG_WARN_OBJC_IMPLICIT_RETAIN_SELF = YES;
				CLANG_WARN_OBJC_LITERAL_CONVERSION = YES;
				CLANG_WARN_OBJC_ROOT_CLASS = YES_ERROR;
				CLANG_WARN_QUOTED_INCLUDE_IN_FRAMEWORK_HEADER = YES;
				CLANG_WARN_RANGE_LOOP_ANALYSIS = YES;
				CLANG_WARN_STRICT_PROTOTYPES = YES;
				CLANG_WARN_SUSPICIOUS_MOVE = YES;
				CLANG_WARN_UNGUARDED_AVAILABILITY = YES_AGGRESSIVE;
				CLANG_WARN_UNREACHABLE_CODE = YES;
				CLANG_WARN__DUPLICATE_METHOD_MATCH = YES;
				COPY_PHASE_STRIP = NO;
				DEBUG_INFORMATION_FORMAT = dwarf;
				ENABLE_STRICT_OBJC_MSGSEND = YES;
				ENABLE_TESTABILITY = YES;
				GCC_C_LANGUAGE_STANDARD = gnu11;
				GCC_DYNAMIC_NO_PIC = NO;
				GCC_NO_COMMON_BLOCKS = YES;
				GCC_OPTIMIZATION_LEVEL = 0;
				GCC_PREPROCESSOR_DEFINITIONS = (
					"DEBUG=1",
					"$(inherited)",
				);
				GCC_WARN_64_TO_32_BIT_CONVERSION = YES;
				GCC_WARN_ABOUT_RETURN_TYPE = YES_ERROR;
				GCC_WARN_UNDECLARED_SELECTOR = YES;
				GCC_WARN_UNINITIALIZED_AUTOS = YES_AGGRESSIVE;
				GCC_WARN_UNUSED_FUNCTION = YES;
				GCC_WARN_UNUSED_VARIABLE = YES;
				IPHONEOS_DEPLOYMENT_TARGET = 15.2;
				MTL_ENABLE_DEBUG_INFO = INCLUDE_SOURCE;
				MTL_FAST_MATH = YES;
				ONLY_ACTIVE_ARCH = YES;
				SDKROOT = iphoneos;
				SWIFT_ACTIVE_COMPILATION_CONDITIONS = DEBUG;
				SWIFT_OPTIMIZATION_LEVEL = "-Onone";
			};
			name = Debug;
		};
		CF63B30B282F84F9004ABCDE /* Release */ = {
			isa = XCBuildConfiguration;
			buildSettings = {
				ALWAYS_SEARCH_USER_PATHS = NO;
				CLANG_ANALYZER_NONNULL = YES;
				CLANG_ANALYZER_NUMBER_OBJECT_CONVERSION = YES_AGGRESSIVE;
				CLANG_CXX_LANGUAGE_STANDARD = "gnu++17";
				CLANG_CXX_LIBRARY = "libc++";
				CLANG_ENABLE_MODULES = YES;
				CLANG_ENABLE_OBJC_ARC = YES;
				CLANG_ENABLE_OBJC_WEAK = YES;
				CLANG_WARN_BLOCK_CAPTURE_AUTORELEASING = YES;
				CLANG_WARN_BOOL_CONVERSION = YES;
				CLANG_WARN_COMMA = YES;
				CLANG_WARN_CONSTANT_CONVERSION = YES;
				CLANG_WARN_DEPRECATED_OBJC_IMPLEMENTATIONS = YES;
				CLANG_WARN_DIRECT_OBJC_ISA_USAGE = YES_ERROR;
				CLANG_WARN_DOCUMENTATION_COMMENTS = YES;
				CLANG_WARN_EMPTY_BODY = YES;
				CLANG_WARN_ENUM_CONVERSION = YES;
				CLANG_WARN_INFINITE_RECURSION = YES;
				CLANG_WARN_INT_CONVERSION = YES;
				CLANG_WARN_NON_LITERAL_NULL_CONVERSION = YES;
				CLANG_WARN_OBJC_IMPLICIT_RETAIN_SELF = YES;
				CLANG_WARN_OBJC_LITERAL_CONVERSION = YES;
				CLANG_WARN_OBJC_ROOT_CLASS = YES_ERROR;
				CLANG_WARN_QUOTED_INCLUDE_IN_FRAMEWORK_HEADER = YES;
				CLANG_WARN_RANGE_LOOP_ANALYSIS = YES;
				CLANG_WARN_STRICT_PROTOTYPES = YES;
				CLANG_WARN_SUSPICIOUS_MOVE = YES;
				CLANG_WARN_UNGUARDED_AVAILABILITY = YES_AGGRESSIVE;
				CLANG_WARN_UNREACHABLE_CODE = YES;
				CLANG_WARN__DUPLICATE_METHOD_MATCH = YES;
				COPY_PHASE_STRIP = NO;
				DEBUG_INFORMATION_FORMAT = "dwarf-with-dsym";
				ENABLE_NS_ASSERTIONS = NO;
				ENABLE_STRICT_OBJC_MSGSEND = YES;
				GCC_C_LANGUAGE_STANDARD = gnu11;
				GCC_NO_COMMON_BLOCKS = YES;
				GCC_WARN_64_TO_32_BIT_CONVERSION = YES;
				GCC_WARN_ABOUT_RETURN_TYPE = YES_ERROR;
				GCC_WARN_UNDECLARED_SELECTOR = YES;
				GCC_WARN_UNINITIALIZED_AUTOS = YES_AGGRESSIVE;
				GCC_WARN_UNUSED_FUNCTION = YES;
				GCC_WARN_UNUSED_VARIABLE = YES;
				IPHONEOS_DEPLOYMENT_TARGET = 15.2;
				MTL_ENABLE_DEBUG_INFO = NO;
				MTL_FAST_MATH = YES;
				SDKROOT = iphoneos;
				SWIFT_COMPILATION_MODE = wholemodule;
				SWIFT_OPTIMIZATION_LEVEL = "-O";
				VALIDATE_PRODUCT = YES;
			};
			name = Release;
		};
		CF63B30D282F84F9004ABCDE /* Debug */ = {
			isa = XCBuildConfiguration;
			buildSettings = {
				ASSETCATALOG_COMPILER_APPICON_NAME = AppIcon;
				ASSETCATALOG_COMPILER_GLOBAL_ACCENT_COLOR_NAME = AccentColor;
				CODE_SIGN_STYLE = Automatic;
				CURRENT_PROJECT_VERSION = 1;
				GENERATE_INFOPLIST_FILE = YES;
				INFOPLIST_FILE = "ChapterO5-UserDefaults/Info.plist";
				INFOPLIST_KEY_UIApplicationSupportsIndirectInputEvents = YES;
				INFOPLIST_KEY_UILaunchStoryboardName = LaunchScreen;
				INFOPLIST_KEY_UIMainStoryboardFile = Main;
				INFOPLIST_KEY_UISupportedInterfaceOrientations_iPad = "UIInterfaceOrientationPortrait UIInterfaceOrientationPortraitUpsideDown UIInterfaceOrientationLandscapeLeft UIInterfaceOrientationLandscapeRight";
				INFOPLIST_KEY_UISupportedInterfaceOrientations_iPhone = "UIInterfaceOrientationPortrait UIInterfaceOrientationLandscapeLeft UIInterfaceOrientationLandscapeRight";
				LD_RUNPATH_SEARCH_PATHS = (
					"$(inherited)",
					"@executable_path/Frameworks",
				);
				MARKETING_VERSION = 1.0;
				PRODUCT_BUNDLE_IDENTIFIER = "com.beap.ChapterO5-UserDefaults";
				PRODUCT_NAME = "$(TARGET_NAME)";
				SWIFT_EMIT_LOC_STRINGS = YES;
				SWIFT_VERSION = 5.0;
				TARGETED_DEVICE_FAMILY = "1,2";
			};
			name = Debug;
		};
		CF63B30E282F84F9004ABCDE /* Release */ = {
			isa = XCBuildConfiguration;
			buildSettings = {
				ASSETCATALOG_COMPILER_APPICON_NAME = AppIcon;
				ASSETCATALOG_COMPILER_GLOBAL_ACCENT_COLOR_NAME = AccentColor;
				CODE_SIGN_STYLE = Automatic;
				CURRENT_PROJECT_VERSION = 1;
				GENERATE_INFOPLIST_FILE = YES;
				INFOPLIST_FILE = "ChapterO5-UserDefaults/Info.plist";
				INFOPLIST_KEY_UIApplicationSupportsIndirectInputEvents = YES;
				INFOPLIST_KEY_UILaunchStoryboardName = LaunchScreen;
				INFOPLIST_KEY_UIMainStoryboardFile = Main;
				INFOPLIST_KEY_UISupportedInterfaceOrientations_iPad = "UIInterfaceOrientationPortrait UIInterfaceOrientationPortraitUpsideDown UIInterfaceOrientationLandscapeLeft UIInterfaceOrientationLandscapeRight";
				INFOPLIST_KEY_UISupportedInterfaceOrientations_iPhone = "UIInterfaceOrientationPortrait UIInterfaceOrientationLandscapeLeft UIInterfaceOrientationLandscapeRight";
				LD_RUNPATH_SEARCH_PATHS = (
					"$(inherited)",
					"@executable_path/Frameworks",
				);
				MARKETING_VERSION = 1.0;
				PRODUCT_BUNDLE_IDENTIFIER = "com.beap.ChapterO5-UserDefaults";
				PRODUCT_NAME = "$(TARGET_NAME)";
				SWIFT_EMIT_LOC_STRINGS = YES;
				SWIFT_VERSION = 5.0;
				TARGETED_DEVICE_FAMILY = "1,2";
			};
			name = Release;
		};
/* End XCBuildConfiguration section */

/* Begin XCConfigurationList section */
		CF63B2F3282F84F7004ABCDE /* Build configuration list for PBXProject "ChapterO5-UserDefaults" */ = {
			isa = XCConfigurationList;
			buildConfigurations = (
				CF63B30A282F84F9004ABCDE /* Debug */,
				CF63B30B282F84F9004ABCDE /* Release */,
			);
			defaultConfigurationIsVisible = 0;
			defaultConfigurationName = Release;
		};
		CF63B30C282F84F9004ABCDE /* Build configuration list for PBXNativeTarget "ChapterO5-UserDefaults" */ = {
			isa = XCConfigurationList;
			buildConfigurations = (
				CF63B30D282F84F9004ABCDE /* Debug */,
				CF63B30E282F84F9004ABCDE /* Release */,
			);
			defaultConfigurationIsVisible = 0;
			defaultConfigurationName = Release;
		};
/* End XCConfigurationList section */
	};
	rootObject = CF63B2F0282F84F7004ABCDE /* Project object */;
}
